
Microsoft Visual Studio Solution File, Format Version 12.00
# Visual Studio Version 17
VisualStudioVersion = 17.1.32328.378
MinimumVisualStudioVersion = 10.0.40219.1
Project("{FAE04EC0-301F-11D3-BF4B-00C04F79EFBC}") = "training", "training.csproj", "{56303B9E-434C-469A-BEDB-40DA14DCA578}"
EndProject
Global
	GlobalSection(SolutionConfigurationPlatforms) = preSolution
		Debug|Any CPU = Debug|Any CPU
		Release|Any CPU = Release|Any CPU
	EndGlobalSection
	GlobalSection(ProjectConfigurationPlatforms) = postSolution
		{56303B9E-434C-469A-BEDB-40DA14DCA578}.Debug|Any CPU.ActiveCfg = Debug|Any CPU
		{56303B9E-434C-469A-BEDB-40DA14DCA578}.Debug|Any CPU.Build.0 = Debug|Any CPU
		{56303B9E-434C-469A-BEDB-40DA14DCA578}.Release|Any CPU.ActiveCfg = Release|Any CPU
		{56303B9E-434C-469A-BEDB-40DA14DCA578}.Release|Any CPU.Build.0 = Release|Any CPU
	EndGlobalSection
	GlobalSection(SolutionProperties) = preSolution
		HideSolutionNode = FALSE
	EndGlobalSection
	GlobalSection(ExtensibilityGlobals) = postSolution
		SolutionGuid = {81E1262A-6F66-4E2F-9DFF-1938F9AD118F}
	EndGlobalSection
EndGlobal
